
Microsoft Visual Studio Solution File, Format Version 12.00
# Visual Studio Version 17
VisualStudioVersion = 17.13.35931.197 d17.13
MinimumVisualStudioVersion = 10.0.40219.1
Project("{FAE04EC0-301F-11D3-BF4B-00C04F79EFBC}") = "Feleves_EC211O", "Feleves_EC211O\Feleves_EC211O.csproj", "{E1F65042-33AD-41B6-B9FF-85E0DE839D05}"
EndProject
Global
	GlobalSection(SolutionConfigurationPlatforms) = preSolution
		Debug|Any CPU = Debug|Any CPU
		Release|Any CPU = Release|Any CPU
	EndGlobalSection
	GlobalSection(ProjectConfigurationPlatforms) = postSolution
		{E1F65042-33AD-41B6-B9FF-85E0DE839D05}.Debug|Any CPU.ActiveCfg = Debug|Any CPU
		{E1F65042-33AD-41B6-B9FF-85E0DE839D05}.Debug|Any CPU.Build.0 = Debug|Any CPU
		{E1F65042-33AD-41B6-B9FF-85E0DE839D05}.Release|Any CPU.ActiveCfg = Release|Any CPU
		{E1F65042-33AD-41B6-B9FF-85E0DE839D05}.Release|Any CPU.Build.0 = Release|Any CPU
	EndGlobalSection
	GlobalSection(SolutionProperties) = preSolution
		HideSolutionNode = FALSE
	EndGlobalSection
	GlobalSection(ExtensibilityGlobals) = postSolution
		SolutionGuid = {2AD82B3E-ED4A-4FEB-A54C-05A85F517D56}
	EndGlobalSection
EndGlobal
